
Microsoft Visual Studio Solution File, Format Version 12.00
# Visual Studio Version 16
VisualStudioVersion = 16.0.29806.167
MinimumVisualStudioVersion = 10.0.40219.1
Project("{9A19103F-16F7-4668-BE54-9A1E7A4F7556}") = "Hepeng.Study.IDServerTest", "Hepeng.Study.IDServerTest\Hepeng.Study.IDServerTest.csproj", "{F3D8DB81-3642-4602-BE5D-B01A8FE413AA}"
EndProject
Project("{9A19103F-16F7-4668-BE54-9A1E7A4F7556}") = "ApiService01", "ApiService01\ApiService01.csproj", "{949C4BC2-6F32-4014-925C-C5CF7D90B203}"
EndProject
Project("{9A19103F-16F7-4668-BE54-9A1E7A4F7556}") = "ApiService02", "ApiService02\ApiService02.csproj", "{9566E9F1-67D1-4C33-AD2F-7E1EAE4B9122}"
EndProject
Project("{9A19103F-16F7-4668-BE54-9A1E7A4F7556}") = "MvcClient", "MvcClient\MvcClient.csproj", "{3D3C796C-302D-463E-B136-6763100F19FB}"
EndProject
Project("{FAE04EC0-301F-11D3-BF4B-00C04F79EFBC}") = "MvcClient2", "MvcClient2\MvcClient2.csproj", "{F6703478-AEB8-4824-AB51-6D6C57E4BC8A}"
EndProject
Global
	GlobalSection(SolutionConfigurationPlatforms) = preSolution
		Debug|Any CPU = Debug|Any CPU
		Release|Any CPU = Release|Any CPU
	EndGlobalSection
	GlobalSection(ProjectConfigurationPlatforms) = postSolution
		{F3D8DB81-3642-4602-BE5D-B01A8FE413AA}.Debug|Any CPU.ActiveCfg = Debug|Any CPU
		{F3D8DB81-3642-4602-BE5D-B01A8FE413AA}.Debug|Any CPU.Build.0 = Debug|Any CPU
		{F3D8DB81-3642-4602-BE5D-B01A8FE413AA}.Release|Any CPU.ActiveCfg = Release|Any CPU
		{F3D8DB81-3642-4602-BE5D-B01A8FE413AA}.Release|Any CPU.Build.0 = Release|Any CPU
		{949C4BC2-6F32-4014-925C-C5CF7D90B203}.Debug|Any CPU.ActiveCfg = Debug|Any CPU
		{949C4BC2-6F32-4014-925C-C5CF7D90B203}.Debug|Any CPU.Build.0 = Debug|Any CPU
		{949C4BC2-6F32-4014-925C-C5CF7D90B203}.Release|Any CPU.ActiveCfg = Release|Any CPU
		{949C4BC2-6F32-4014-925C-C5CF7D90B203}.Release|Any CPU.Build.0 = Release|Any CPU
		{9566E9F1-67D1-4C33-AD2F-7E1EAE4B9122}.Debug|Any CPU.ActiveCfg = Debug|Any CPU
		{9566E9F1-67D1-4C33-AD2F-7E1EAE4B9122}.Debug|Any CPU.Build.0 = Debug|Any CPU
		{9566E9F1-67D1-4C33-AD2F-7E1EAE4B9122}.Release|Any CPU.ActiveCfg = Release|Any CPU
		{9566E9F1-67D1-4C33-AD2F-7E1EAE4B9122}.Release|Any CPU.Build.0 = Release|Any CPU
		{3D3C796C-302D-463E-B136-6763100F19FB}.Debug|Any CPU.ActiveCfg = Debug|Any CPU
		{3D3C796C-302D-463E-B136-6763100F19FB}.Debug|Any CPU.Build.0 = Debug|Any CPU
		{3D3C796C-302D-463E-B136-6763100F19FB}.Release|Any CPU.ActiveCfg = Release|Any CPU
		{3D3C796C-302D-463E-B136-6763100F19FB}.Release|Any CPU.Build.0 = Release|Any CPU
		{F6703478-AEB8-4824-AB51-6D6C57E4BC8A}.Debug|Any CPU.ActiveCfg = Debug|Any CPU
		{F6703478-AEB8-4824-AB51-6D6C57E4BC8A}.Debug|Any CPU.Build.0 = Debug|Any CPU
		{F6703478-AEB8-4824-AB51-6D6C57E4BC8A}.Release|Any CPU.ActiveCfg = Release|Any CPU
		{F6703478-AEB8-4824-AB51-6D6C57E4BC8A}.Release|Any CPU.Build.0 = Release|Any CPU
	EndGlobalSection
	GlobalSection(SolutionProperties) = preSolution
		HideSolutionNode = FALSE
	EndGlobalSection
	GlobalSection(ExtensibilityGlobals) = postSolution
		SolutionGuid = {32C3BE69-288D-4D7A-9AB2-F47573FFCF77}
	EndGlobalSection
EndGlobal
